
Microsoft Visual Studio Solution File, Format Version 12.00
# Visual Studio 15
VisualStudioVersion = 15.0.27130.2027
MinimumVisualStudioVersion = 10.0.40219.1
Project("{FAE04EC0-301F-11D3-BF4B-00C04F79EFBC}") = "03. check are parentheses correct", "03. check are parentheses correct\03. check are parentheses correct.csproj", "{37F938DA-6D67-408C-ABF2-8AFBE24E6B6D}"
EndProject
Project("{FAE04EC0-301F-11D3-BF4B-00C04F79EFBC}") = "05. count substring occurence", "05. count substring occurence\05. count substring occurence.csproj", "{458D69D2-F8DF-4AC0-ADE1-FABEDA708BB7}"
EndProject
Project("{FAE04EC0-301F-11D3-BF4B-00C04F79EFBC}") = "06. change casing between tags", "06. change casing between tags\06. change casing between tags.csproj", "{3648795F-0A3A-4369-B8B3-A5E8AC54482B}"
EndProject
Project("{FAE04EC0-301F-11D3-BF4B-00C04F79EFBC}") = "10. extract sentences by keyword", "10. extract sentences by keyword\10. extract sentences by keyword.csproj", "{4DCD0E11-2D6A-497D-AA88-F4B66687E41B}"
EndProject
Global
	GlobalSection(SolutionConfigurationPlatforms) = preSolution
		Debug|Any CPU = Debug|Any CPU
		Release|Any CPU = Release|Any CPU
	EndGlobalSection
	GlobalSection(ProjectConfigurationPlatforms) = postSolution
		{37F938DA-6D67-408C-ABF2-8AFBE24E6B6D}.Debug|Any CPU.ActiveCfg = Debug|Any CPU
		{37F938DA-6D67-408C-ABF2-8AFBE24E6B6D}.Debug|Any CPU.Build.0 = Debug|Any CPU
		{37F938DA-6D67-408C-ABF2-8AFBE24E6B6D}.Release|Any CPU.ActiveCfg = Release|Any CPU
		{37F938DA-6D67-408C-ABF2-8AFBE24E6B6D}.Release|Any CPU.Build.0 = Release|Any CPU
		{458D69D2-F8DF-4AC0-ADE1-FABEDA708BB7}.Debug|Any CPU.ActiveCfg = Debug|Any CPU
		{458D69D2-F8DF-4AC0-ADE1-FABEDA708BB7}.Debug|Any CPU.Build.0 = Debug|Any CPU
		{458D69D2-F8DF-4AC0-ADE1-FABEDA708BB7}.Release|Any CPU.ActiveCfg = Release|Any CPU
		{458D69D2-F8DF-4AC0-ADE1-FABEDA708BB7}.Release|Any CPU.Build.0 = Release|Any CPU
		{3648795F-0A3A-4369-B8B3-A5E8AC54482B}.Debug|Any CPU.ActiveCfg = Debug|Any CPU
		{3648795F-0A3A-4369-B8B3-A5E8AC54482B}.Debug|Any CPU.Build.0 = Debug|Any CPU
		{3648795F-0A3A-4369-B8B3-A5E8AC54482B}.Release|Any CPU.ActiveCfg = Release|Any CPU
		{3648795F-0A3A-4369-B8B3-A5E8AC54482B}.Release|Any CPU.Build.0 = Release|Any CPU
		{4DCD0E11-2D6A-497D-AA88-F4B66687E41B}.Debug|Any CPU.ActiveCfg = Debug|Any CPU
		{4DCD0E11-2D6A-497D-AA88-F4B66687E41B}.Debug|Any CPU.Build.0 = Debug|Any CPU
		{4DCD0E11-2D6A-497D-AA88-F4B66687E41B}.Release|Any CPU.ActiveCfg = Release|Any CPU
		{4DCD0E11-2D6A-497D-AA88-F4B66687E41B}.Release|Any CPU.Build.0 = Release|Any CPU
	EndGlobalSection
	GlobalSection(SolutionProperties) = preSolution
		HideSolutionNode = FALSE
	EndGlobalSection
	GlobalSection(ExtensibilityGlobals) = postSolution
		SolutionGuid = {98D480A5-2097-4B4D-8A72-11ABC8FA04BC}
	EndGlobalSection
EndGlobal
